// !$*UTF8*$!
{
	archiveVersion = 1;
	classes = {
	};
	objectVersion = 50;
	objects = {

/* Begin PBXBuildFile section */
		213EAE4F4BE4E7079FEDFC53 /* libPods-Templateform_For_App_Swift.a in Frameworks */ = {isa = PBXBuildFile; fileRef = 3EE274F764841B7ACC55C48E /* libPods-Templateform_For_App_Swift.a */; };
		FCC35A9121FED0CA00CF06E0 /* AppDelegate.swift in Sources */ = {isa = PBXBuildFile; fileRef = FCC35A9021FED0CA00CF06E0 /* AppDelegate.swift */; };
		FCC35A9621FED0CA00CF06E0 /* Main.storyboard in Resources */ = {isa = PBXBuildFile; fileRef = FCC35A9421FED0CA00CF06E0 /* Main.storyboard */; };
		FCC35A9821FED0D100CF06E0 /* Assets.xcassets in Resources */ = {isa = PBXBuildFile; fileRef = FCC35A9721FED0D100CF06E0 /* Assets.xcassets */; };
		FCC35A9B21FED0D100CF06E0 /* LaunchScreen.storyboard in Resources */ = {isa = PBXBuildFile; fileRef = FCC35A9921FED0D100CF06E0 /* LaunchScreen.storyboard */; };
		FCC35AF821FF001D00CF06E0 /* LaunchGuideImage_0.png in Resources */ = {isa = PBXBuildFile; fileRef = FCC35AF021FF001D00CF06E0 /* LaunchGuideImage_0.png */; };
/* End PBXBuildFile section */

/* Begin PBXFileReference section */
		3EE274F764841B7ACC55C48E /* libPods-Templateform_For_App_Swift.a */ = {isa = PBXFileReference; explicitFileType = archive.ar; includeInIndex = 0; path = "libPods-Templateform_For_App_Swift.a"; sourceTree = BUILT_PRODUCTS_DIR; };
		543D56983A1CC3EF8BAFDCA1 /* Pods-Templateform_For_App_Swift.release.xcconfig */ = {isa = PBXFileReference; includeInIndex = 1; lastKnownFileType = text.xcconfig; name = "Pods-Templateform_For_App_Swift.release.xcconfig"; path = "Pods/Target Support Files/Pods-Templateform_For_App_Swift/Pods-Templateform_For_App_Swift.release.xcconfig"; sourceTree = "<group>"; };
		E43EB0636FB2135F5117D46F /* Pods-Templateform_For_App_Swift.debug.xcconfig */ = {isa = PBXFileReference; includeInIndex = 1; lastKnownFileType = text.xcconfig; name = "Pods-Templateform_For_App_Swift.debug.xcconfig"; path = "Pods/Target Support Files/Pods-Templateform_For_App_Swift/Pods-Templateform_For_App_Swift.debug.xcconfig"; sourceTree = "<group>"; };
		FCC35A8D21FED0CA00CF06E0 /* Templateform_For_App_Swift.app */ = {isa = PBXFileReference; explicitFileType = wrapper.application; includeInIndex = 0; path = Templateform_For_App_Swift.app; sourceTree = BUILT_PRODUCTS_DIR; };
		FCC35A9021FED0CA00CF06E0 /* AppDelegate.swift */ = {isa = PBXFileReference; lastKnownFileType = sourcecode.swift; path = AppDelegate.swift; sourceTree = "<group>"; };
		FCC35A9521FED0CA00CF06E0 /* Base */ = {isa = PBXFileReference; lastKnownFileType = file.storyboard; name = Base; path = Base.lproj/Main.storyboard; sourceTree = "<group>"; };
		FCC35A9721FED0D100CF06E0 /* Assets.xcassets */ = {isa = PBXFileReference; lastKnownFileType = folder.assetcatalog; path = Assets.xcassets; sourceTree = "<group>"; };
		FCC35A9A21FED0D100CF06E0 /* Base */ = {isa = PBXFileReference; lastKnownFileType = file.storyboard; name = Base; path = Base.lproj/LaunchScreen.storyboard; sourceTree = "<group>"; };
		FCC35A9C21FED0D100CF06E0 /* Info.plist */ = {isa = PBXFileReference; lastKnownFileType = text.plist.xml; path = Info.plist; sourceTree = "<group>"; };
		FCC35AF021FF001D00CF06E0 /* LaunchGuideImage_0.png */ = {isa = PBXFileReference; lastKnownFileType = image.png; path = LaunchGuideImage_0.png; sourceTree = "<group>"; };
		FCC35AF321FF001D00CF06E0 /* App_Header_KeyMap.h */ = {isa = PBXFileReference; fileEncoding = 4; lastKnownFileType = sourcecode.c.h; path = App_Header_KeyMap.h; sourceTree = "<group>"; };
		FCC35AF421FF001D00CF06E0 /* App_Header_Import.h */ = {isa = PBXFileReference; fileEncoding = 4; lastKnownFileType = sourcecode.c.h; path = App_Header_Import.h; sourceTree = "<group>"; };
		FCC35AF521FF001D00CF06E0 /* App_Header_Enum.h */ = {isa = PBXFileReference; fileEncoding = 4; lastKnownFileType = sourcecode.c.h; path = App_Header_Enum.h; sourceTree = "<group>"; };
		FCC35AF621FF001D00CF06E0 /* App_Header_Define.h */ = {isa = PBXFileReference; fileEncoding = 4; lastKnownFileType = sourcecode.c.h; path = App_Header_Define.h; sourceTree = "<group>"; };
		FCC35AF721FF001D00CF06E0 /* PrefixHeader.h */ = {isa = PBXFileReference; fileEncoding = 4; lastKnownFileType = sourcecode.c.h; path = PrefixHeader.h; sourceTree = "<group>"; };
/* End PBXFileReference section */

/* Begin PBXFrameworksBuildPhase section */
		FCC35A8A21FED0CA00CF06E0 /* Frameworks */ = {
			isa = PBXFrameworksBuildPhase;
			buildActionMask = 2147483647;
			files = (
				213EAE4F4BE4E7079FEDFC53 /* libPods-Templateform_For_App_Swift.a in Frameworks */,
			);
			runOnlyForDeploymentPostprocessing = 0;
		};
/* End PBXFrameworksBuildPhase section */

/* Begin PBXGroup section */
		1081F0364A74EE223BD0ADB6 /* Pods */ = {
			isa = PBXGroup;
			children = (
				E43EB0636FB2135F5117D46F /* Pods-Templateform_For_App_Swift.debug.xcconfig */,
				543D56983A1CC3EF8BAFDCA1 /* Pods-Templateform_For_App_Swift.release.xcconfig */,
			);
			name = Pods;
			sourceTree = "<group>";
		};
		4C587AA8AC57DCB34F42D964 /* Frameworks */ = {
			isa = PBXGroup;
			children = (
				3EE274F764841B7ACC55C48E /* libPods-Templateform_For_App_Swift.a */,
			);
			name = Frameworks;
			sourceTree = "<group>";
		};
		FCC35A8421FED0CA00CF06E0 = {
			isa = PBXGroup;
			children = (
				FCC35A8F21FED0CA00CF06E0 /* Templateform_For_App_Swift */,
				FCC35A8E21FED0CA00CF06E0 /* Products */,
				1081F0364A74EE223BD0ADB6 /* Pods */,
				4C587AA8AC57DCB34F42D964 /* Frameworks */,
			);
			sourceTree = "<group>";
		};
		FCC35A8E21FED0CA00CF06E0 /* Products */ = {
			isa = PBXGroup;
			children = (
				FCC35A8D21FED0CA00CF06E0 /* Templateform_For_App_Swift.app */,
			);
			name = Products;
			sourceTree = "<group>";
		};
		FCC35A8F21FED0CA00CF06E0 /* Templateform_For_App_Swift */ = {
			isa = PBXGroup;
			children = (
				FCC35AEE21FF001D00CF06E0 /* Project */,
				FCC35AA321FED0F500CF06E0 /* Applications */,
			);
			path = Templateform_For_App_Swift;
			sourceTree = "<group>";
		};
		FCC35AA321FED0F500CF06E0 /* Applications */ = {
			isa = PBXGroup;
			children = (
				FCC35A9021FED0CA00CF06E0 /* AppDelegate.swift */,
				FCC35A9421FED0CA00CF06E0 /* Main.storyboard */,
				FCC35A9721FED0D100CF06E0 /* Assets.xcassets */,
				FCC35A9921FED0D100CF06E0 /* LaunchScreen.storyboard */,
				FCC35A9C21FED0D100CF06E0 /* Info.plist */,
			);
			name = Applications;
			sourceTree = "<group>";
		};
		FCC35AEE21FF001D00CF06E0 /* Project */ = {
			isa = PBXGroup;
			children = (
				FCC35AEF21FF001D00CF06E0 /* Resources */,
				FCC35AF121FF001D00CF06E0 /* Utils */,
			);
			path = Project;
			sourceTree = "<group>";
		};
		FCC35AEF21FF001D00CF06E0 /* Resources */ = {
			isa = PBXGroup;
			children = (
				FCC35AF021FF001D00CF06E0 /* LaunchGuideImage_0.png */,
			);
			path = Resources;
			sourceTree = "<group>";
		};
		FCC35AF121FF001D00CF06E0 /* Utils */ = {
			isa = PBXGroup;
			children = (
				FCC35AF221FF001D00CF06E0 /* Prefix */,
			);
			path = Utils;
			sourceTree = "<group>";
		};
		FCC35AF221FF001D00CF06E0 /* Prefix */ = {
			isa = PBXGroup;
			children = (
				FCC35AF321FF001D00CF06E0 /* App_Header_KeyMap.h */,
				FCC35AF421FF001D00CF06E0 /* App_Header_Import.h */,
				FCC35AF521FF001D00CF06E0 /* App_Header_Enum.h */,
				FCC35AF621FF001D00CF06E0 /* App_Header_Define.h */,
				FCC35AF721FF001D00CF06E0 /* PrefixHeader.h */,
			);
			path = Prefix;
			sourceTree = "<group>";
		};
/* End PBXGroup section */

/* Begin PBXNativeTarget section */
		FCC35A8C21FED0CA00CF06E0 /* Templateform_For_App_Swift */ = {
			isa = PBXNativeTarget;
			buildConfigurationList = FCC35A9F21FED0D100CF06E0 /* Build configuration list for PBXNativeTarget "Templateform_For_App_Swift" */;
			buildPhases = (
				5E2931662EDAEBC7F066D400 /* [CP] Check Pods Manifest.lock */,
				FCC35A8921FED0CA00CF06E0 /* Sources */,
				FCC35A8A21FED0CA00CF06E0 /* Frameworks */,
				FCC35A8B21FED0CA00CF06E0 /* Resources */,
			);
			buildRules = (
			);
			dependencies = (
			);
			name = Templateform_For_App_Swift;
			productName = Templateform_For_App_Swift;
			productReference = FCC35A8D21FED0CA00CF06E0 /* Templateform_For_App_Swift.app */;
			productType = "com.apple.product-type.application";
		};
/* End PBXNativeTarget section */

/* Begin PBXProject section */
		FCC35A8521FED0CA00CF06E0 /* Project object */ = {
			isa = PBXProject;
			attributes = {
				LastSwiftUpdateCheck = 1000;
				LastUpgradeCheck = 1000;
				ORGANIZATIONNAME = MrYeL;
				TargetAttributes = {
					FCC35A8C21FED0CA00CF06E0 = {
						CreatedOnToolsVersion = 10.0;
					};
				};
			};
			buildConfigurationList = FCC35A8821FED0CA00CF06E0 /* Build configuration list for PBXProject "Templateform_For_App_Swift" */;
			compatibilityVersion = "Xcode 9.3";
			developmentRegion = en;
			hasScannedForEncodings = 0;
			knownRegions = (
				en,
				Base,
			);
			mainGroup = FCC35A8421FED0CA00CF06E0;
			productRefGroup = FCC35A8E21FED0CA00CF06E0 /* Products */;
			projectDirPath = "";
			projectRoot = "";
			targets = (
				FCC35A8C21FED0CA00CF06E0 /* Templateform_For_App_Swift */,
			);
		};
/* End PBXProject section */

/* Begin PBXResourcesBuildPhase section */
		FCC35A8B21FED0CA00CF06E0 /* Resources */ = {
			isa = PBXResourcesBuildPhase;
			buildActionMask = 2147483647;
			files = (
				FCC35AF821FF001D00CF06E0 /* LaunchGuideImage_0.png in Resources */,
				FCC35A9B21FED0D100CF06E0 /* LaunchScreen.storyboard in Resources */,
				FCC35A9821FED0D100CF06E0 /* Assets.xcassets in Resources */,
				FCC35A9621FED0CA00CF06E0 /* Main.storyboard in Resources */,
			);
			runOnlyForDeploymentPostprocessing = 0;
		};
/* End PBXResourcesBuildPhase section */

/* Begin PBXShellScriptBuildPhase section */
		5E2931662EDAEBC7F066D400 /* [CP] Check Pods Manifest.lock */ = {
			isa = PBXShellScriptBuildPhase;
			buildActionMask = 2147483647;
			files = (
			);
			inputFileListPaths = (
			);
			inputPaths = (
				"${PODS_PODFILE_DIR_PATH}/Podfile.lock",
				"${PODS_ROOT}/Manifest.lock",
			);
			name = "[CP] Check Pods Manifest.lock";
			outputFileListPaths = (
			);
			outputPaths = (
				"$(DERIVED_FILE_DIR)/Pods-Templateform_For_App_Swift-checkManifestLockResult.txt",
			);
			runOnlyForDeploymentPostprocessing = 0;
			shellPath = /bin/sh;
			shellScript = "diff \"${PODS_PODFILE_DIR_PATH}/Podfile.lock\" \"${PODS_ROOT}/Manifest.lock\" > /dev/null\nif [ $? != 0 ] ; then\n    # print error to STDERR\n    echo \"error: The sandbox is not in sync with the Podfile.lock. Run 'pod install' or update your CocoaPods installation.\" >&2\n    exit 1\nfi\n# This output is used by Xcode 'outputs' to avoid re-running this script phase.\necho \"SUCCESS\" > \"${SCRIPT_OUTPUT_FILE_0}\"\n";
			showEnvVarsInLog = 0;
		};
/* End PBXShellScriptBuildPhase section */

/* Begin PBXSourcesBuildPhase section */
		FCC35A8921FED0CA00CF06E0 /* Sources */ = {
			isa = PBXSourcesBuildPhase;
			buildActionMask = 2147483647;
			files = (
				FCC35A9121FED0CA00CF06E0 /* AppDelegate.swift in Sources */,
			);
			runOnlyForDeploymentPostprocessing = 0;
		};
/* End PBXSourcesBuildPhase section */

/* Begin PBXVariantGroup section */
		FCC35A9421FED0CA00CF06E0 /* Main.storyboard */ = {
			isa = PBXVariantGroup;
			children = (
				FCC35A9521FED0CA00CF06E0 /* Base */,
			);
			name = Main.storyboard;
			sourceTree = "<group>";
		};
		FCC35A9921FED0D100CF06E0 /* LaunchScreen.storyboard */ = {
			isa = PBXVariantGroup;
			children = (
				FCC35A9A21FED0D100CF06E0 /* Base */,
			);
			name = LaunchScreen.storyboard;
			sourceTree = "<group>";
		};
/* End PBXVariantGroup section */

/* Begin XCBuildConfiguration section */
		FCC35A9D21FED0D100CF06E0 /* Debug */ = {
			isa = XCBuildConfiguration;
			buildSettings = {
				ALWAYS_SEARCH_USER_PATHS = NO;
				CLANG_ANALYZER_NONNULL = YES;
				CLANG_ANALYZER_NUMBER_OBJECT_CONVERSION = YES_AGGRESSIVE;
				CLANG_CXX_LANGUAGE_STANDARD = "gnu++14";
				CLANG_CXX_LIBRARY = "libc++";
				CLANG_ENABLE_MODULES = YES;
				CLANG_ENABLE_OBJC_ARC = YES;
				CLANG_ENABLE_OBJC_WEAK = YES;
				CLANG_WARN_BLOCK_CAPTURE_AUTORELEASING = YES;
				CLANG_WARN_BOOL_CONVERSION = YES;
				CLANG_WARN_COMMA = YES;
				CLANG_WARN_CONSTANT_CONVERSION = YES;
				CLANG_WARN_DEPRECATED_OBJC_IMPLEMENTATIONS = YES;
				CLANG_WARN_DIRECT_OBJC_ISA_USAGE = YES_ERROR;
				CLANG_WARN_DOCUMENTATION_COMMENTS = YES;
				CLANG_WARN_EMPTY_BODY = YES;
				CLANG_WARN_ENUM_CONVERSION = YES;
				CLANG_WARN_INFINITE_RECURSION = YES;
				CLANG_WARN_INT_CONVERSION = YES;
				CLANG_WARN_NON_LITERAL_NULL_CONVERSION = YES;
				CLANG_WARN_OBJC_IMPLICIT_RETAIN_SELF = YES;
				CLANG_WARN_OBJC_LITERAL_CONVERSION = YES;
				CLANG_WARN_OBJC_ROOT_CLASS = YES_ERROR;
				CLANG_WARN_RANGE_LOOP_ANALYSIS = YES;
				CLANG_WARN_STRICT_PROTOTYPES = YES;
				CLANG_WARN_SUSPICIOUS_MOVE = YES;
				CLANG_WARN_UNGUARDED_AVAILABILITY = YES_AGGRESSIVE;
				CLANG_WARN_UNREACHABLE_CODE = YES;
				CLANG_WARN__DUPLICATE_METHOD_MATCH = YES;
				CODE_SIGN_IDENTITY = "iPhone Developer";
				COPY_PHASE_STRIP = NO;
				DEBUG_INFORMATION_FORMAT = dwarf;
				ENABLE_STRICT_OBJC_MSGSEND = YES;
				ENABLE_TESTABILITY = YES;
				GCC_C_LANGUAGE_STANDARD = gnu11;
				GCC_DYNAMIC_NO_PIC = NO;
				GCC_NO_COMMON_BLOCKS = YES;
				GCC_OPTIMIZATION_LEVEL = 0;
				GCC_PREPROCESSOR_DEFINITIONS = (
					"DEBUG=1",
					"$(inherited)",
				);
				GCC_WARN_64_TO_32_BIT_CONVERSION = YES;
				GCC_WARN_ABOUT_RETURN_TYPE = YES_ERROR;
				GCC_WARN_UNDECLARED_SELECTOR = YES;
				GCC_WARN_UNINITIALIZED_AUTOS = YES_AGGRESSIVE;
				GCC_WARN_UNUSED_FUNCTION = YES;
				GCC_WARN_UNUSED_VARIABLE = YES;
				IPHONEOS_DEPLOYMENT_TARGET = 12.0;
				MTL_ENABLE_DEBUG_INFO = INCLUDE_SOURCE;
				MTL_FAST_MATH = YES;
				ONLY_ACTIVE_ARCH = YES;
				SDKROOT = iphoneos;
				SWIFT_ACTIVE_COMPILATION_CONDITIONS = DEBUG;
				SWIFT_OPTIMIZATION_LEVEL = "-Onone";
			};
			name = Debug;
		};
		FCC35A9E21FED0D100CF06E0 /* Release */ = {
			isa = XCBuildConfiguration;
			buildSettings = {
				ALWAYS_SEARCH_USER_PATHS = NO;
				CLANG_ANALYZER_NONNULL = YES;
				CLANG_ANALYZER_NUMBER_OBJECT_CONVERSION = YES_AGGRESSIVE;
				CLANG_CXX_LANGUAGE_STANDARD = "gnu++14";
				CLANG_CXX_LIBRARY = "libc++";
				CLANG_ENABLE_MODULES = YES;
				CLANG_ENABLE_OBJC_ARC = YES;
				CLANG_ENABLE_OBJC_WEAK = YES;
				CLANG_WARN_BLOCK_CAPTURE_AUTORELEASING = YES;
				CLANG_WARN_BOOL_CONVERSION = YES;
				CLANG_WARN_COMMA = YES;
				CLANG_WARN_CONSTANT_CONVERSION = YES;
				CLANG_WARN_DEPRECATED_OBJC_IMPLEMENTATIONS = YES;
				CLANG_WARN_DIRECT_OBJC_ISA_USAGE = YES_ERROR;
				CLANG_WARN_DOCUMENTATION_COMMENTS = YES;
				CLANG_WARN_EMPTY_BODY = YES;
				CLANG_WARN_ENUM_CONVERSION = YES;
				CLANG_WARN_INFINITE_RECURSION = YES;
				CLANG_WARN_INT_CONVERSION = YES;
				CLANG_WARN_NON_LITERAL_NULL_CONVERSION = YES;
				CLANG_WARN_OBJC_IMPLICIT_RETAIN_SELF = YES;
				CLANG_WARN_OBJC_LITERAL_CONVERSION = YES;
				CLANG_WARN_OBJC_ROOT_CLASS = YES_ERROR;
				CLANG_WARN_RANGE_LOOP_ANALYSIS = YES;
				CLANG_WARN_STRICT_PROTOTYPES = YES;
				CLANG_WARN_SUSPICIOUS_MOVE = YES;
				CLANG_WARN_UNGUARDED_AVAILABILITY = YES_AGGRESSIVE;
				CLANG_WARN_UNREACHABLE_CODE = YES;
				CLANG_WARN__DUPLICATE_METHOD_MATCH = YES;
				CODE_SIGN_IDENTITY = "iPhone Developer";
				COPY_PHASE_STRIP = NO;
				DEBUG_INFORMATION_FORMAT = "dwarf-with-dsym";
				ENABLE_NS_ASSERTIONS = NO;
				ENABLE_STRICT_OBJC_MSGSEND = YES;
				GCC_C_LANGUAGE_STANDARD = gnu11;
				GCC_NO_COMMON_BLOCKS = YES;
				GCC_WARN_64_TO_32_BIT_CONVERSION = YES;
				GCC_WARN_ABOUT_RETURN_TYPE = YES_ERROR;
				GCC_WARN_UNDECLARED_SELECTOR = YES;
				GCC_WARN_UNINITIALIZED_AUTOS = YES_AGGRESSIVE;
				GCC_WARN_UNUSED_FUNCTION = YES;
				GCC_WARN_UNUSED_VARIABLE = YES;
				IPHONEOS_DEPLOYMENT_TARGET = 12.0;
				MTL_ENABLE_DEBUG_INFO = NO;
				MTL_FAST_MATH = YES;
				SDKROOT = iphoneos;
				SWIFT_COMPILATION_MODE = wholemodule;
				SWIFT_OPTIMIZATION_LEVEL = "-O";
				VALIDATE_PRODUCT = YES;
			};
			name = Release;
		};
		FCC35AA021FED0D100CF06E0 /* Debug */ = {
			isa = XCBuildConfiguration;
			baseConfigurationReference = E43EB0636FB2135F5117D46F /* Pods-Templateform_For_App_Swift.debug.xcconfig */;
			buildSettings = {
				ASSETCATALOG_COMPILER_APPICON_NAME = AppIcon;
				CODE_SIGN_STYLE = Automatic;
				GCC_PREFIX_HEADER = "$(SRCROOT)/Templateform_For_App_Swift/Project/Utils/Prefix/PrefixHeader.h";
				INFOPLIST_FILE = Templateform_For_App_Swift/Info.plist;
				LD_RUNPATH_SEARCH_PATHS = (
					"$(inherited)",
					"@executable_path/Frameworks",
				);
				PRODUCT_BUNDLE_IDENTIFIER = "com.MrYeL.Templateform-For-App-Swift";
				PRODUCT_NAME = "$(TARGET_NAME)";
				SWIFT_OBJC_BRIDGING_HEADER = "$(SRCROOT)/Templateform_For_App_Swift/Project/Utils/Prefix/PrefixHeader.h";
				SWIFT_VERSION = 4.2;
				TARGETED_DEVICE_FAMILY = "1,2";
			};
			name = Debug;
		};
		FCC35AA121FED0D100CF06E0 /* Release */ = {
			isa = XCBuildConfiguration;
			baseConfigurationReference = 543D56983A1CC3EF8BAFDCA1 /* Pods-Templateform_For_App_Swift.release.xcconfig */;
			buildSettings = {
				ASSETCATALOG_COMPILER_APPICON_NAME = AppIcon;
				CODE_SIGN_STYLE = Automatic;
				GCC_PREFIX_HEADER = "$(SRCROOT)/Templateform_For_App_Swift/Project/Utils/Prefix/PrefixHeader.h";
				INFOPLIST_FILE = Templateform_For_App_Swift/Info.plist;
				LD_RUNPATH_SEARCH_PATHS = (
					"$(inherited)",
					"@executable_path/Frameworks",
				);
				PRODUCT_BUNDLE_IDENTIFIER = "com.MrYeL.Templateform-For-App-Swift";
				PRODUCT_NAME = "$(TARGET_NAME)";
				SWIFT_OBJC_BRIDGING_HEADER = "$(SRCROOT)/Templateform_For_App_Swift/Project/Utils/Prefix/PrefixHeader.h";
				SWIFT_VERSION = 4.2;
				TARGETED_DEVICE_FAMILY = "1,2";
			};
			name = Release;
		};
/* End XCBuildConfiguration section */

/* Begin XCConfigurationList section */
		FCC35A8821FED0CA00CF06E0 /* Build configuration list for PBXProject "Templateform_For_App_Swift" */ = {
			isa = XCConfigurationList;
			buildConfigurations = (
				FCC35A9D21FED0D100CF06E0 /* Debug */,
				FCC35A9E21FED0D100CF06E0 /* Release */,
			);
			defaultConfigurationIsVisible = 0;
			defaultConfigurationName = Release;
		};
		FCC35A9F21FED0D100CF06E0 /* Build configuration list for PBXNativeTarget "Templateform_For_App_Swift" */ = {
			isa = XCConfigurationList;
			buildConfigurations = (
				FCC35AA021FED0D100CF06E0 /* Debug */,
				FCC35AA121FED0D100CF06E0 /* Release */,
			);
			defaultConfigurationIsVisible = 0;
			defaultConfigurationName = Release;
		};
/* End XCConfigurationList section */
	};
	rootObject = FCC35A8521FED0CA00CF06E0 /* Project object */;
}
